<?xml version="1.0" encoding="utf-8"?>
<Project ToolsVersion="4.0" xmlns="http://schemas.microsoft.com/developer/msbuild/2003">
  <ItemGroup>
    <Filter Include="Core">
      <UniqueIdentifier>{2e8d0c06-5bef-4625-bcec-91518608be48}</UniqueIdentifier>
    </Filter>
    <Filter Include="PreCompile">
      <UniqueIdentifier>{9a1b8dff-6607-4505-89b9-9f58db2fd1b0}</UniqueIdentifier>
    </Filter>
    <Filter Include="Level">
      <UniqueIdentifier>{e9f62990-0fe6-4ce5-96f1-e0093f11c78e}</UniqueIdentifier>
    </Filter>
    <Filter Include="Level\PlayLevel">
      <UniqueIdentifier>{14f4b457-2fc7-417d-8670-5bfa698ae219}</UniqueIdentifier>
    </Filter>
    <Filter Include="Level\PlayLevel\Actor">
      <UniqueIdentifier>{958d59fb-0361-4197-98cd-563e4d473954}</UniqueIdentifier>
    </Filter>
    <Filter Include="Level\TitleLevel">
      <UniqueIdentifier>{b6701d10-7d3c-4406-ba60-876ec93384b7}</UniqueIdentifier>
    </Filter>
    <Filter Include="Level\TitleLevel\Actor">
      <UniqueIdentifier>{c330d029-a667-41ba-8332-f68068e07928}</UniqueIdentifier>
    </Filter>
    <Filter Include="Level\StageSelectLevel">
      <UniqueIdentifier>{5973b534-6b5e-41d8-9e5e-c9ab59ec6c83}</UniqueIdentifier>
    </Filter>
    <Filter Include="Level\StageSelectLevel\Actor">
      <UniqueIdentifier>{2f2a1a90-6fd5-41ef-9be2-b7fff8664f83}</UniqueIdentifier>
    </Filter>
    <Filter Include="Option">
      <UniqueIdentifier>{da47febd-2f78-41e7-8843-240836b63c6a}</UniqueIdentifier>
    </Filter>
    <Filter Include="ActorBase">
      <UniqueIdentifier>{ca6212d7-ddf8-4222-8cec-561069d76beb}</UniqueIdentifier>
    </Filter>
  </ItemGroup>
  <ItemGroup>
    <ClInclude Include="ContentsCore.h">
      <Filter>Core</Filter>
    </ClInclude>
    <ClInclude Include="PreCompile.h">
      <Filter>PreCompile</Filter>
    </ClInclude>
    <ClInclude Include="Player.h">
      <Filter>Level\PlayLevel\Actor</Filter>
    </ClInclude>
    <ClInclude Include="PlayGameMode.h">
      <Filter>Level\PlayLevel</Filter>
    </ClInclude>
    <ClInclude Include="TitleGameMode.h">
      <Filter>Level\TitleLevel</Filter>
    </ClInclude>
    <ClInclude Include="TitleLogo.h">
      <Filter>Level\TitleLevel\Actor</Filter>
    </ClInclude>
    <ClInclude Include="PlayBack.h">
      <Filter>Level\PlayLevel\Actor</Filter>
    </ClInclude>
    <ClInclude Include="StageSelectGameMode.h">
      <Filter>Level\StageSelectLevel</Filter>
    </ClInclude>
    <ClInclude Include="SelectMap.h">
      <Filter>Level\StageSelectLevel\Actor</Filter>
    </ClInclude>
    <ClInclude Include="Selector.h">
      <Filter>Level\StageSelectLevel\Actor</Filter>
    </ClInclude>
    <ClInclude Include="EnumHelper.h">
      <Filter>Option</Filter>
    </ClInclude>
    <ClInclude Include="ActorBase.h">
      <Filter>ActorBase</Filter>
    </ClInclude>
    <ClInclude Include="Baba.h">
      <Filter>Level\PlayLevel\Actor</Filter>
    </ClInclude>
  </ItemGroup>
  <ItemGroup>
    <ClCompile Include="ContentsCore.cpp">
      <Filter>Core</Filter>
    </ClCompile>
    <ClCompile Include="PreCompile.cpp">
      <Filter>PreCompile</Filter>
    </ClCompile>
    <ClCompile Include="Player.cpp">
      <Filter>Level\PlayLevel\Actor</Filter>
    </ClCompile>
    <ClCompile Include="PlayGameMode.cpp">
      <Filter>Level\PlayLevel</Filter>
    </ClCompile>
    <ClCompile Include="TitleGameMode.cpp">
      <Filter>Level\TitleLevel</Filter>
    </ClCompile>
    <ClCompile Include="TitleLogo.cpp">
      <Filter>Level\TitleLevel\Actor</Filter>
    </ClCompile>
    <ClCompile Include="PlayBack.cpp">
      <Filter>Level\PlayLevel\Actor</Filter>
    </ClCompile>
    <ClCompile Include="StageSelectGameMode.cpp">
      <Filter>Level\StageSelectLevel</Filter>
    </ClCompile>
    <ClCompile Include="SelectMap.cpp">
      <Filter>Level\StageSelectLevel\Actor</Filter>
    </ClCompile>
    <ClCompile Include="Selector.cpp">
      <Filter>Level\StageSelectLevel\Actor</Filter>
    </ClCompile>
    <ClCompile Include="ActorBase.cpp">
      <Filter>ActorBase</Filter>
    </ClCompile>
    <ClCompile Include="Baba.cpp">
      <Filter>Level\PlayLevel\Actor</Filter>
    </ClCompile>
  </ItemGroup>
</Project>