<?xml version="1.0" encoding="utf-8"?>
<Project ToolsVersion="4.0" xmlns="http://schemas.microsoft.com/developer/msbuild/2003">
  <ItemGroup>
    <Filter Include="Core">
      <UniqueIdentifier>{2e8d0c06-5bef-4625-bcec-91518608be48}</UniqueIdentifier>
    </Filter>
    <Filter Include="PreCompile">
      <UniqueIdentifier>{9a1b8dff-6607-4505-89b9-9f58db2fd1b0}</UniqueIdentifier>
    </Filter>
    <Filter Include="Level">
      <UniqueIdentifier>{e9f62990-0fe6-4ce5-96f1-e0093f11c78e}</UniqueIdentifier>
    </Filter>
    <Filter Include="Level\PlayLevel">
      <UniqueIdentifier>{14f4b457-2fc7-417d-8670-5bfa698ae219}</UniqueIdentifier>
    </Filter>
    <Filter Include="Level\PlayLevel\Actor">
      <UniqueIdentifier>{958d59fb-0361-4197-98cd-563e4d473954}</UniqueIdentifier>
    </Filter>
    <Filter Include="Level\TitleLevel">
      <UniqueIdentifier>{b6701d10-7d3c-4406-ba60-876ec93384b7}</UniqueIdentifier>
    </Filter>
    <Filter Include="Level\TitleLevel\Actor">
      <UniqueIdentifier>{c330d029-a667-41ba-8332-f68068e07928}</UniqueIdentifier>
    </Filter>
    <Filter Include="Level\StageSelectLevel">
      <UniqueIdentifier>{5973b534-6b5e-41d8-9e5e-c9ab59ec6c83}</UniqueIdentifier>
    </Filter>
    <Filter Include="Level\StageSelectLevel\Actor">
      <UniqueIdentifier>{2f2a1a90-6fd5-41ef-9be2-b7fff8664f83}</UniqueIdentifier>
    </Filter>
    <Filter Include="Option">
      <UniqueIdentifier>{da47febd-2f78-41e7-8843-240836b63c6a}</UniqueIdentifier>
    </Filter>
    <Filter Include="Level\TestLevel">
      <UniqueIdentifier>{94767363-c9b0-4969-aa5e-9978a231abf4}</UniqueIdentifier>
    </Filter>
    <Filter Include="Level\TestLevel\TestMap">
      <UniqueIdentifier>{57cffc7b-c77a-43ab-84d5-4e8dc5872e2b}</UniqueIdentifier>
    </Filter>
    <Filter Include="GUI">
      <UniqueIdentifier>{53c3cf39-42dc-486c-b98f-579bac574986}</UniqueIdentifier>
    </Filter>
    <Filter Include="Actor">
      <UniqueIdentifier>{31e5294a-8a4f-4706-87a3-e77c27e994f7}</UniqueIdentifier>
    </Filter>
    <Filter Include="Actor\Text">
      <UniqueIdentifier>{aaaf0bda-25b6-46eb-817b-c1bac98e2da4}</UniqueIdentifier>
    </Filter>
    <Filter Include="Actor\Text\LeftNoun">
      <UniqueIdentifier>{00bf1607-9349-41a5-98f9-77af1640b559}</UniqueIdentifier>
    </Filter>
    <Filter Include="Actor\Text\RightNoun">
      <UniqueIdentifier>{88d2d382-e8fc-42ee-b631-4e03b44f63c2}</UniqueIdentifier>
    </Filter>
    <Filter Include="Actor\Text\Connecting">
      <UniqueIdentifier>{a529fcf0-1bc2-4470-8a4f-220c1098b9f0}</UniqueIdentifier>
    </Filter>
    <Filter Include="Actor\Character">
      <UniqueIdentifier>{0f669d2a-d411-4e9a-adbd-3a12054c5946}</UniqueIdentifier>
    </Filter>
    <Filter Include="Actor\Character\Baba">
      <UniqueIdentifier>{b5b8615b-057d-448f-8e43-bac49e8ae8ba}</UniqueIdentifier>
    </Filter>
    <Filter Include="Actor\ActorBase">
      <UniqueIdentifier>{ca6212d7-ddf8-4222-8cec-561069d76beb}</UniqueIdentifier>
    </Filter>
    <Filter Include="Actor\Character\SingleAnim">
      <UniqueIdentifier>{4b49255d-a42d-4240-bcfb-ebfd66d8c76e}</UniqueIdentifier>
    </Filter>
    <Filter Include="Actor\Character\CombineAnim">
      <UniqueIdentifier>{ad4689db-b490-4edb-a0ac-4a15fa587470}</UniqueIdentifier>
    </Filter>
    <Filter Include="Level\TileMapEditLevel">
      <UniqueIdentifier>{beaa0ed5-9757-427b-b6e4-11cc30ca136d}</UniqueIdentifier>
    </Filter>
    <Filter Include="Effect">
      <UniqueIdentifier>{cadc8e95-aa31-47a4-8db1-cab39984c08d}</UniqueIdentifier>
    </Filter>
  </ItemGroup>
  <ItemGroup>
    <ClInclude Include="ContentsCore.h">
      <Filter>Core</Filter>
    </ClInclude>
    <ClInclude Include="PreCompile.h">
      <Filter>PreCompile</Filter>
    </ClInclude>
    <ClInclude Include="Player.h">
      <Filter>Level\PlayLevel\Actor</Filter>
    </ClInclude>
    <ClInclude Include="PlayGameMode.h">
      <Filter>Level\PlayLevel</Filter>
    </ClInclude>
    <ClInclude Include="TitleGameMode.h">
      <Filter>Level\TitleLevel</Filter>
    </ClInclude>
    <ClInclude Include="TitleLogo.h">
      <Filter>Level\TitleLevel\Actor</Filter>
    </ClInclude>
    <ClInclude Include="PlayBack.h">
      <Filter>Level\PlayLevel\Actor</Filter>
    </ClInclude>
    <ClInclude Include="StageSelectGameMode.h">
      <Filter>Level\StageSelectLevel</Filter>
    </ClInclude>
    <ClInclude Include="SelectMap.h">
      <Filter>Level\StageSelectLevel\Actor</Filter>
    </ClInclude>
    <ClInclude Include="Tile.h">
      <Filter>Actor\ActorBase</Filter>
    </ClInclude>
    <ClInclude Include="ContentsStruct.h">
      <Filter>Option</Filter>
    </ClInclude>
    <ClInclude Include="TestGameMode.h">
      <Filter>Level\TestLevel</Filter>
    </ClInclude>
    <ClInclude Include="TestMap.h">
      <Filter>Level\TestLevel\TestMap</Filter>
    </ClInclude>
    <ClInclude Include="EnumHelper.h">
      <Filter>Option</Filter>
    </ClInclude>
    <ClInclude Include="StaticHelper.h">
      <Filter>Option</Filter>
    </ClInclude>
    <ClInclude Include="ContentsGUI.h">
      <Filter>GUI</Filter>
    </ClInclude>
    <ClInclude Include="MapEditorGUI.h">
      <Filter>GUI</Filter>
    </ClInclude>
    <ClInclude Include="ConnectingTile.h">
      <Filter>Actor\ActorBase</Filter>
    </ClInclude>
    <ClInclude Include="Selector.h">
      <Filter>Actor\Character\SingleAnim</Filter>
    </ClInclude>
    <ClInclude Include="Baba.h">
      <Filter>Actor\Character\Baba</Filter>
    </ClInclude>
    <ClInclude Include="WallText.h">
      <Filter>Actor\Text\LeftNoun</Filter>
    </ClInclude>
    <ClInclude Include="YouText.h">
      <Filter>Actor\Text\RightNoun</Filter>
    </ClInclude>
    <ClInclude Include="IsText.h">
      <Filter>Actor\Text\Connecting</Filter>
    </ClInclude>
    <ClInclude Include="AndText.h">
      <Filter>Actor\Text\Connecting</Filter>
    </ClInclude>
    <ClInclude Include="BabaText.h">
      <Filter>Actor\Text\LeftNoun</Filter>
    </ClInclude>
    <ClInclude Include="StopText.h">
      <Filter>Actor\Text\RightNoun</Filter>
    </ClInclude>
    <ClInclude Include="PushText.h">
      <Filter>Actor\Text\RightNoun</Filter>
    </ClInclude>
    <ClInclude Include="DefeatText.h">
      <Filter>Actor\Text\RightNoun</Filter>
    </ClInclude>
    <ClInclude Include="SinkText.h">
      <Filter>Actor\Text\RightNoun</Filter>
    </ClInclude>
    <ClInclude Include="TileMap.h">
      <Filter>Actor</Filter>
    </ClInclude>
    <ClInclude Include="NoAnimTile.h">
      <Filter>Actor\ActorBase</Filter>
    </ClInclude>
    <ClInclude Include="Water.h">
      <Filter>Actor\Character\CombineAnim</Filter>
    </ClInclude>
    <ClInclude Include="WaterText.h">
      <Filter>Actor\Text\LeftNoun</Filter>
    </ClInclude>
    <ClInclude Include="Lava.h">
      <Filter>Actor\Character\CombineAnim</Filter>
    </ClInclude>
    <ClInclude Include="Wall.h">
      <Filter>Actor\Character\CombineAnim</Filter>
    </ClInclude>
    <ClInclude Include="LavaText.h">
      <Filter>Actor\Text\LeftNoun</Filter>
    </ClInclude>
    <ClInclude Include="Flag.h">
      <Filter>Actor\Character\SingleAnim</Filter>
    </ClInclude>
    <ClInclude Include="FlagText.h">
      <Filter>Actor\Text\LeftNoun</Filter>
    </ClInclude>
    <ClInclude Include="WinText.h">
      <Filter>Actor\Text\RightNoun</Filter>
    </ClInclude>
    <ClInclude Include="Rock.h">
      <Filter>Actor\Character\SingleAnim</Filter>
    </ClInclude>
    <ClInclude Include="RockText.h">
      <Filter>Actor\Text\LeftNoun</Filter>
    </ClInclude>
    <ClInclude Include="TileMapEditorGameMode.h">
      <Filter>Level\TileMapEditLevel</Filter>
    </ClInclude>
    <ClInclude Include="FadeInEffect.h">
      <Filter>Effect</Filter>
    </ClInclude>
    <ClInclude Include="FadeOutEffect.h">
      <Filter>Effect</Filter>
    </ClInclude>
    <ClInclude Include="BackGround.h">
      <Filter>Level\TestLevel\TestMap</Filter>
    </ClInclude>
    <ClInclude Include="SelectTileMap.h">
      <Filter>Actor</Filter>
    </ClInclude>
    <ClInclude Include="SelectTile.h">
      <Filter>Actor\ActorBase</Filter>
    </ClInclude>
    <ClInclude Include="Skull.h">
      <Filter>Actor\Character\SingleAnim</Filter>
    </ClInclude>
    <ClInclude Include="SkullText.h">
      <Filter>Actor\Text\LeftNoun</Filter>
    </ClInclude>
    <ClInclude Include="HotText.h">
      <Filter>Actor\Text\RightNoun</Filter>
    </ClInclude>
    <ClInclude Include="MoveEffect.h">
      <Filter>Effect</Filter>
    </ClInclude>
    <ClInclude Include="MeltText.h">
      <Filter>Actor\Text\RightNoun</Filter>
    </ClInclude>
    <ClInclude Include="Grass.h">
      <Filter>Actor\Character\CombineAnim</Filter>
    </ClInclude>
    <ClInclude Include="GrassText.h">
      <Filter>Actor\Text\LeftNoun</Filter>
    </ClInclude>
    <ClInclude Include="MapTile.h">
      <Filter>Actor\Character\SingleAnim</Filter>
    </ClInclude>
    <ClInclude Include="MapTileText.h">
      <Filter>Actor\Text\LeftNoun</Filter>
    </ClInclude>
  </ItemGroup>
  <ItemGroup>
    <ClCompile Include="ContentsCore.cpp">
      <Filter>Core</Filter>
    </ClCompile>
    <ClCompile Include="PreCompile.cpp">
      <Filter>PreCompile</Filter>
    </ClCompile>
    <ClCompile Include="Player.cpp">
      <Filter>Level\PlayLevel\Actor</Filter>
    </ClCompile>
    <ClCompile Include="PlayGameMode.cpp">
      <Filter>Level\PlayLevel</Filter>
    </ClCompile>
    <ClCompile Include="TitleGameMode.cpp">
      <Filter>Level\TitleLevel</Filter>
    </ClCompile>
    <ClCompile Include="TitleLogo.cpp">
      <Filter>Level\TitleLevel\Actor</Filter>
    </ClCompile>
    <ClCompile Include="PlayBack.cpp">
      <Filter>Level\PlayLevel\Actor</Filter>
    </ClCompile>
    <ClCompile Include="StageSelectGameMode.cpp">
      <Filter>Level\StageSelectLevel</Filter>
    </ClCompile>
    <ClCompile Include="SelectMap.cpp">
      <Filter>Level\StageSelectLevel\Actor</Filter>
    </ClCompile>
    <ClCompile Include="Tile.cpp">
      <Filter>Actor\ActorBase</Filter>
    </ClCompile>
    <ClCompile Include="TestGameMode.cpp">
      <Filter>Level\TestLevel</Filter>
    </ClCompile>
    <ClCompile Include="TestMap.cpp">
      <Filter>Level\TestLevel\TestMap</Filter>
    </ClCompile>
    <ClCompile Include="ContentsStruct.cpp">
      <Filter>Option</Filter>
    </ClCompile>
    <ClCompile Include="StaticHelper.cpp">
      <Filter>Option</Filter>
    </ClCompile>
    <ClCompile Include="ContentsGUI.cpp">
      <Filter>GUI</Filter>
    </ClCompile>
    <ClCompile Include="MapEditorGUI.cpp">
      <Filter>GUI</Filter>
    </ClCompile>
    <ClCompile Include="ConnectingTile.cpp">
      <Filter>Actor\ActorBase</Filter>
    </ClCompile>
    <ClCompile Include="Selector.cpp">
      <Filter>Actor\Character\SingleAnim</Filter>
    </ClCompile>
    <ClCompile Include="Baba.cpp">
      <Filter>Actor\Character\Baba</Filter>
    </ClCompile>
    <ClCompile Include="WallText.cpp">
      <Filter>Actor\Text\LeftNoun</Filter>
    </ClCompile>
    <ClCompile Include="YouText.cpp">
      <Filter>Actor\Text\RightNoun</Filter>
    </ClCompile>
    <ClCompile Include="IsText.cpp">
      <Filter>Actor\Text\Connecting</Filter>
    </ClCompile>
    <ClCompile Include="AndText.cpp">
      <Filter>Actor\Text\Connecting</Filter>
    </ClCompile>
    <ClCompile Include="BabaText.cpp">
      <Filter>Actor\Text\LeftNoun</Filter>
    </ClCompile>
    <ClCompile Include="StopText.cpp">
      <Filter>Actor\Text\RightNoun</Filter>
    </ClCompile>
    <ClCompile Include="PushText.cpp">
      <Filter>Actor\Text\RightNoun</Filter>
    </ClCompile>
    <ClCompile Include="DefeatText.cpp">
      <Filter>Actor\Text\RightNoun</Filter>
    </ClCompile>
    <ClCompile Include="SinkText.cpp">
      <Filter>Actor\Text\RightNoun</Filter>
    </ClCompile>
    <ClCompile Include="TileMap.cpp">
      <Filter>Actor</Filter>
    </ClCompile>
    <ClCompile Include="NoAnimTile.cpp">
      <Filter>Actor\ActorBase</Filter>
    </ClCompile>
    <ClCompile Include="Water.cpp">
      <Filter>Actor\Character\CombineAnim</Filter>
    </ClCompile>
    <ClCompile Include="WaterText.cpp">
      <Filter>Actor\Text\LeftNoun</Filter>
    </ClCompile>
    <ClCompile Include="Lava.cpp">
      <Filter>Actor\Character\CombineAnim</Filter>
    </ClCompile>
    <ClCompile Include="Wall.cpp">
      <Filter>Actor\Character\CombineAnim</Filter>
    </ClCompile>
    <ClCompile Include="LavaText.cpp">
      <Filter>Actor\Text\LeftNoun</Filter>
    </ClCompile>
    <ClCompile Include="Flag.cpp">
      <Filter>Actor\Character\SingleAnim</Filter>
    </ClCompile>
    <ClCompile Include="FlagText.cpp">
      <Filter>Actor\Text\LeftNoun</Filter>
    </ClCompile>
    <ClCompile Include="WinText.cpp">
      <Filter>Actor\Text\RightNoun</Filter>
    </ClCompile>
    <ClCompile Include="Rock.cpp">
      <Filter>Actor\Character\SingleAnim</Filter>
    </ClCompile>
    <ClCompile Include="RockText.cpp">
      <Filter>Actor\Text\LeftNoun</Filter>
    </ClCompile>
    <ClCompile Include="TileMapEditorGameMode.cpp">
      <Filter>Level\TileMapEditLevel</Filter>
    </ClCompile>
    <ClCompile Include="FadeInEffect.cpp">
      <Filter>Effect</Filter>
    </ClCompile>
    <ClCompile Include="FadeOutEffect.cpp">
      <Filter>Effect</Filter>
    </ClCompile>
    <ClCompile Include="BackGround.cpp">
      <Filter>Level\TestLevel\TestMap</Filter>
    </ClCompile>
    <ClCompile Include="SelectTileMap.cpp">
      <Filter>Actor</Filter>
    </ClCompile>
    <ClCompile Include="SelectTile.cpp">
      <Filter>Actor\ActorBase</Filter>
    </ClCompile>
    <ClCompile Include="Skull.cpp">
      <Filter>Actor\Character\SingleAnim</Filter>
    </ClCompile>
    <ClCompile Include="SkullText.cpp">
      <Filter>Actor\Text\LeftNoun</Filter>
    </ClCompile>
    <ClCompile Include="HotText.cpp">
      <Filter>Actor\Text\RightNoun</Filter>
    </ClCompile>
    <ClCompile Include="MoveEffect.cpp">
      <Filter>Effect</Filter>
    </ClCompile>
    <ClCompile Include="MeltText.cpp">
      <Filter>Actor\Text\RightNoun</Filter>
    </ClCompile>
    <ClCompile Include="Grass.cpp">
      <Filter>Actor\Character\CombineAnim</Filter>
    </ClCompile>
    <ClCompile Include="GrassText.cpp">
      <Filter>Actor\Text\LeftNoun</Filter>
    </ClCompile>
    <ClCompile Include="MapTile.cpp">
      <Filter>Actor\Character\SingleAnim</Filter>
    </ClCompile>
    <ClCompile Include="MapTileText.cpp">
      <Filter>Actor\Text\LeftNoun</Filter>
    </ClCompile>
  </ItemGroup>
</Project>